
Microsoft Visual Studio Solution File, Format Version 12.00
# Visual Studio Version 16
VisualStudioVersion = 16.0.31019.35
MinimumVisualStudioVersion = 10.0.40219.1
Project("{9A19103F-16F7-4668-BE54-9A1E7A4F7556}") = "WhiteTiger", "WhiteTiger\WhiteTiger.csproj", "{40AE1B09-4669-4117-A8A7-2B8235C01BBD}"
EndProject
Project("{E53339B2-1760-4266-BCC7-CA923CBCF16C}") = "docker-compose", "docker-compose.dcproj", "{4CF4C1C3-F828-41C1-972D-075330C181E5}"
EndProject
Global
	GlobalSection(SolutionConfigurationPlatforms) = preSolution
		Debug|Any CPU = Debug|Any CPU
		Release|Any CPU = Release|Any CPU
	EndGlobalSection
	GlobalSection(ProjectConfigurationPlatforms) = postSolution
		{40AE1B09-4669-4117-A8A7-2B8235C01BBD}.Debug|Any CPU.ActiveCfg = Debug|Any CPU
		{40AE1B09-4669-4117-A8A7-2B8235C01BBD}.Debug|Any CPU.Build.0 = Debug|Any CPU
		{40AE1B09-4669-4117-A8A7-2B8235C01BBD}.Release|Any CPU.ActiveCfg = Release|Any CPU
		{40AE1B09-4669-4117-A8A7-2B8235C01BBD}.Release|Any CPU.Build.0 = Release|Any CPU
		{4CF4C1C3-F828-41C1-972D-075330C181E5}.Debug|Any CPU.ActiveCfg = Debug|Any CPU
		{4CF4C1C3-F828-41C1-972D-075330C181E5}.Debug|Any CPU.Build.0 = Debug|Any CPU
		{4CF4C1C3-F828-41C1-972D-075330C181E5}.Release|Any CPU.ActiveCfg = Release|Any CPU
		{4CF4C1C3-F828-41C1-972D-075330C181E5}.Release|Any CPU.Build.0 = Release|Any CPU
	EndGlobalSection
	GlobalSection(SolutionProperties) = preSolution
		HideSolutionNode = FALSE
	EndGlobalSection
	GlobalSection(ExtensibilityGlobals) = postSolution
		SolutionGuid = {C2FAB254-D04E-4B6D-B1FD-0B2DC7E0FB4B}
	EndGlobalSection
EndGlobal
